# This file is automatically @generated by Wally.
# It is not intended for manual editing.
registry = "test"

[[package]]
name = "cyphical/neohotbar"
version = "0.1.0"
dependencies = [["fusion", "elttob/fusion@0.1.1-beta"]]

[[package]]
name = "elttob/fusion"
version = "0.1.1-beta"
dependencies = []
